
Microsoft Visual Studio Solution File, Format Version 12.00
# Visual Studio Version 16
VisualStudioVersion = 16.0.32126.315
MinimumVisualStudioVersion = 10.0.40219.1
Project("{9A19103F-16F7-4668-BE54-9A1E7A4F7556}") = "20ConvImplicitaCasting", "20ConvImplicitaCasting\20ConvImplicitaCasting.csproj", "{7A95C8EC-6147-489E-95FA-5B7BA133CF29}"
EndProject
Project("{9A19103F-16F7-4668-BE54-9A1E7A4F7556}") = "21OperadoresAritmeticos", "21OperadoresAritmeticos\21OperadoresAritmeticos.csproj", "{878B8072-7E85-40E2-9DDA-A99370256865}"
EndProject
Project("{9A19103F-16F7-4668-BE54-9A1E7A4F7556}") = "22EntradaDados", "22EntradaDados\22EntradaDados.csproj", "{1FC10C9B-DAE5-489D-B71A-9E9F3948E720}"
EndProject
Project("{9A19103F-16F7-4668-BE54-9A1E7A4F7556}") = "23EntradaDados", "23EntradaDados\23EntradaDados.csproj", "{D2EC6A51-BA6F-4862-B447-DC750B5EBCB1}"
EndProject
Project("{9A19103F-16F7-4668-BE54-9A1E7A4F7556}") = "23Exercicio1", "23Exercicio1\23Exercicio1.csproj", "{92346321-58B7-49B6-9D8A-51CBD59631B3}"
EndProject
Project("{9A19103F-16F7-4668-BE54-9A1E7A4F7556}") = "24Exercicio1", "24Exercicio1\24Exercicio1.csproj", "{37407717-01E8-4D07-AADC-797158537A05}"
EndProject
Project("{9A19103F-16F7-4668-BE54-9A1E7A4F7556}") = "24Exercicio2", "24Exercicio2\24Exercicio2.csproj", "{F26B77C9-72AF-47EF-AEB1-D7722984D0FB}"
EndProject
Project("{9A19103F-16F7-4668-BE54-9A1E7A4F7556}") = "24Exercicio3", "24Exercicio3\24Exercicio3.csproj", "{87BEFB40-9F9C-4A76-ACB5-B7B22EE7E16D}"
EndProject
Project("{9A19103F-16F7-4668-BE54-9A1E7A4F7556}") = "24Exercicio4", "24Exercicio4\24Exercicio4.csproj", "{6FC106BC-E1AD-49CC-A066-7054D218DF54}"
EndProject
Project("{9A19103F-16F7-4668-BE54-9A1E7A4F7556}") = "24Exercicio5", "24Exercicio5\24Exercicio5.csproj", "{B14EFCE1-E446-4957-8E68-6ED67C9C0B39}"
EndProject
Project("{9A19103F-16F7-4668-BE54-9A1E7A4F7556}") = "24Exercicio6", "24Exercicio6\24Exercicio6.csproj", "{2D85DA40-1144-475B-8308-D1B618B5BD5F}"
EndProject
Project("{9A19103F-16F7-4668-BE54-9A1E7A4F7556}") = "25OperadoresComparativos", "25OperadoresComparativos\25OperadoresComparativos.csproj", "{F15448F2-2C56-4C33-BC1E-08ED56418A5E}"
EndProject
Project("{9A19103F-16F7-4668-BE54-9A1E7A4F7556}") = "26OperadoresLogicos", "26OperadoresLogicos\26OperadoresLogicos.csproj", "{EFE4D83D-345A-494B-B9ED-8E9A66F218FB}"
EndProject
Project("{9A19103F-16F7-4668-BE54-9A1E7A4F7556}") = "27IfElse", "27IfElse\27IfElse.csproj", "{7C464CD9-D7B1-4B3D-BED8-B52C23AF4D1D}"
EndProject
Project("{9A19103F-16F7-4668-BE54-9A1E7A4F7556}") = "28ScopeInicializacao", "28ScopeInicializacao\28ScopeInicializacao.csproj", "{AB43A7C2-86C1-4831-B419-A63F6A6E5F1E}"
EndProject
Project("{9A19103F-16F7-4668-BE54-9A1E7A4F7556}") = "Testes", "Testes\Testes.csproj", "{A774C910-E52F-47D9-BAFF-CCAC7709067D}"
EndProject
Project("{9A19103F-16F7-4668-BE54-9A1E7A4F7556}") = "29Exercicio1", "29Exercicio1\29Exercicio1.csproj", "{926DE3DC-1E21-4D06-87FC-9679A755363D}"
EndProject
Project("{9A19103F-16F7-4668-BE54-9A1E7A4F7556}") = "29Exercicio2", "29Exercicio2\29Exercicio2.csproj", "{34EB4ABC-B048-441E-87AC-C663792911CF}"
EndProject
Project("{9A19103F-16F7-4668-BE54-9A1E7A4F7556}") = "29Exercicio3", "29Exercicio3\29Exercicio3.csproj", "{D0F5CF32-DAE4-45A4-83D0-C342EA8DAB84}"
EndProject
Project("{9A19103F-16F7-4668-BE54-9A1E7A4F7556}") = "29Exercicio4", "29Exercicio4\29Exercicio4.csproj", "{7FDF21A3-3870-4AB9-B90E-48CE8A2BFFBC}"
EndProject
Project("{9A19103F-16F7-4668-BE54-9A1E7A4F7556}") = "29Exercicio5", "29Exercicio5\29Exercicio5.csproj", "{8F92D936-4364-4856-897D-450B3CC9B003}"
EndProject
Project("{9A19103F-16F7-4668-BE54-9A1E7A4F7556}") = "29Exercicio6", "29Exercicio6\29Exercicio6.csproj", "{13944214-4222-41AA-8C72-DD89D76F8E12}"
EndProject
Project("{9A19103F-16F7-4668-BE54-9A1E7A4F7556}") = "30Funcoes", "30Funcoes\30Funcoes.csproj", "{50011FDF-A589-4A0F-87E4-95EDC214459C}"
EndProject
Project("{9A19103F-16F7-4668-BE54-9A1E7A4F7556}") = "32While", "32While\32While.csproj", "{FBF566C9-82F6-4C8A-B395-7D0E6F717C35}"
EndProject
Project("{9A19103F-16F7-4668-BE54-9A1E7A4F7556}") = "33Exercicio1", "33Exercicio1\33Exercicio1.csproj", "{0447C81A-2C23-443B-AF63-4466804CAA69}"
EndProject
Project("{9A19103F-16F7-4668-BE54-9A1E7A4F7556}") = "33Exercicio2", "33Exercicio2\33Exercicio2.csproj", "{6EBC91D1-E72B-4CA0-AFD3-937447EE67AA}"
EndProject
Project("{9A19103F-16F7-4668-BE54-9A1E7A4F7556}") = "33Exercicio3", "33Exercicio3\33Exercicio3.csproj", "{4DA11CC4-8502-4B87-8A5F-9C503E6707CA}"
EndProject
Project("{9A19103F-16F7-4668-BE54-9A1E7A4F7556}") = "34For", "34For\34For.csproj", "{E601129E-2A1C-4188-9046-BB631359B806}"
EndProject
Project("{9A19103F-16F7-4668-BE54-9A1E7A4F7556}") = "10PrimeiroProg", "10PrimeiroProg\10PrimeiroProg.csproj", "{DBFDADA3-9138-4280-9F8D-ACFAB728AC9E}"
EndProject
Project("{9A19103F-16F7-4668-BE54-9A1E7A4F7556}") = "15TiposBasicos", "15TiposBasicos\15TiposBasicos.csproj", "{1F73D126-9F6C-46E5-B63E-6E9CCD977AEF}"
EndProject
Project("{9A19103F-16F7-4668-BE54-9A1E7A4F7556}") = "16TiposBasicos2", "16TiposBasicos2\16TiposBasicos2.csproj", "{E58AD24E-A3A4-4045-AFEF-EE8859EA772F}"
EndProject
Project("{9A19103F-16F7-4668-BE54-9A1E7A4F7556}") = "18Exercicio1", "18Exercicio1\18Exercicio1.csproj", "{A9E9DFD9-BAC2-41A2-BA8D-68FD15F3A1B9}"
EndProject
Project("{9A19103F-16F7-4668-BE54-9A1E7A4F7556}") = "18SaidaDados", "18SaidaDados\18SaidaDados.csproj", "{873339C2-96CE-4603-9B51-F872ADCC388B}"
EndProject
Project("{9A19103F-16F7-4668-BE54-9A1E7A4F7556}") = "19OperadoresAtribuicao", "19OperadoresAtribuicao\19OperadoresAtribuicao.csproj", "{899CC76F-EEF3-46CB-9A6B-DFE886A1BAB7}"
EndProject
Project("{FAE04EC0-301F-11D3-BF4B-00C04F79EFBC}") = "38Triangulo", "38Triangulo\38Triangulo.csproj", "{B58A40B3-9A70-4256-9241-4F025070072E}"
EndProject
Project("{FAE04EC0-301F-11D3-BF4B-00C04F79EFBC}") = "39TrianguloComClasses", "A39TrianguloComClasses\39TrianguloComClasses.csproj", "{03E2ACC1-321D-4751-8FA4-CF7148FCEF17}"
EndProject
Project("{FAE04EC0-301F-11D3-BF4B-00C04F79EFBC}") = "40Exercicio1", "40Exercicio1\40Exercicio1.csproj", "{CF258853-4F05-4C02-87E7-28C1630ED19C}"
EndProject
Project("{FAE04EC0-301F-11D3-BF4B-00C04F79EFBC}") = "40Exercicio2", "40Exercicio2\40Exercicio2.csproj", "{19500EB2-351B-44C8-B56A-FD54863950E5}"
EndProject
Project("{FAE04EC0-301F-11D3-BF4B-00C04F79EFBC}") = "41TrianguloMetodo", "41TrianguloMetodo\41TrianguloMetodo.csproj", "{E2F520FC-6451-40BD-BAA4-1C164E15FC51}"
EndProject
Project("{FAE04EC0-301F-11D3-BF4B-00C04F79EFBC}") = "42Exercicio", "42Exercicio\42Exercicio.csproj", "{683B877E-6D0E-4D08-BB5B-6BDB927A686B}"
EndProject
Project("{FAE04EC0-301F-11D3-BF4B-00C04F79EFBC}") = "45Exercicio1", "45Exercicio1\45Exercicio1.csproj", "{A167F3B1-CCFE-4B17-82B4-04DB343609E2}"
EndProject
Project("{FAE04EC0-301F-11D3-BF4B-00C04F79EFBC}") = "45Exercicio2", "45Exercicio2\45Exercicio2.csproj", "{85DEAF1C-B983-42C5-A4FE-826B0DC9270F}"
EndProject
Project("{FAE04EC0-301F-11D3-BF4B-00C04F79EFBC}") = "45Exercicio3", "45Exercicio3\45Exercicio3.csproj", "{0C7D9DFC-C7FC-41DA-98E0-DE4D555CBB61}"
EndProject
Project("{FAE04EC0-301F-11D3-BF4B-00C04F79EFBC}") = "47MembrosEstaticos", "47MembrosEstaticos\47MembrosEstaticos.csproj", "{E88D2761-5FA6-4313-B42C-AAA182EECF29}"
EndProject
Project("{FAE04EC0-301F-11D3-BF4B-00C04F79EFBC}") = "48Exercicio", "48Exercicio\48Exercicio.csproj", "{DBFFF198-3B14-4FEE-ACC5-14855E8E19DB}"
EndProject
Project("{FAE04EC0-301F-11D3-BF4B-00C04F79EFBC}") = "51Construtores", "51Construtuores\51Construtores.csproj", "{1BCB6F4F-0807-4D09-96F1-A7C37EE1D90B}"
EndProject
Project("{FAE04EC0-301F-11D3-BF4B-00C04F79EFBC}") = "52Sobrecarga", "52Sobrecarga\52Sobrecarga.csproj", "{53B0840A-0374-4EE5-B2D4-F300B65D91CF}"
EndProject
Project("{FAE04EC0-301F-11D3-BF4B-00C04F79EFBC}") = "55Encapsulamento", "55Encapsulamento\55Encapsulamento.csproj", "{A3A77B3A-49D2-40AE-822B-33403D3507A1}"
EndProject
Project("{FAE04EC0-301F-11D3-BF4B-00C04F79EFBC}") = "56Properties", "56Properties\56Properties.csproj", "{830DB260-A988-4771-AA4B-5D7350A74D44}"
EndProject
Project("{FAE04EC0-301F-11D3-BF4B-00C04F79EFBC}") = "57AutoProperties", "57AutoProperties\57AutoProperties.csproj", "{7AE94AEA-9511-4B8C-8D3B-F9357061B153}"
EndProject
Project("{FAE04EC0-301F-11D3-BF4B-00C04F79EFBC}") = "60Exercicio", "60Exercicio\60Exercicio.csproj", "{088288D1-60CB-4E7D-93BB-61FF9BA18EF8}"
EndProject
Project("{FAE04EC0-301F-11D3-BF4B-00C04F79EFBC}") = "66TiposRefValor", "66TiposRefValor\66TiposRefValor.csproj", "{65959A45-AA14-40D1-8DCF-94AEAC46786F}"
EndProject
Project("{FAE04EC0-301F-11D3-BF4B-00C04F79EFBC}") = "68Nullable", "68Nullable\68Nullable.csproj", "{71AB0AE6-1E6A-401A-8F38-D173C8AD7435}"
EndProject
Project("{FAE04EC0-301F-11D3-BF4B-00C04F79EFBC}") = "69Vetores", "69Vetores\69Vetores.csproj", "{97A562EA-46B9-462A-8FCE-12281CA157D9}"
EndProject
Project("{FAE04EC0-301F-11D3-BF4B-00C04F79EFBC}") = "70Vetores", "70Vetores\70Vetores.csproj", "{DA82A940-FDA8-4D7B-8511-EAF874AB7E56}"
EndProject
Project("{FAE04EC0-301F-11D3-BF4B-00C04F79EFBC}") = "71Exercicio", "71Exercicio\71Exercicio.csproj", "{B363E7A9-F843-4221-9AD5-668128B9CA92}"
EndProject
Project("{FAE04EC0-301F-11D3-BF4B-00C04F79EFBC}") = "72ModificadoresParametros", "72ModificadoresParametros\72ModificadoresParametros.csproj", "{04BE9194-E63F-48B9-9471-880FBA0BE015}"
EndProject
Project("{FAE04EC0-301F-11D3-BF4B-00C04F79EFBC}") = "76Listas", "76Listas\76Listas.csproj", "{A5B4A4DB-6C25-41F0-B59A-CFD7B6771CC1}"
EndProject
Project("{FAE04EC0-301F-11D3-BF4B-00C04F79EFBC}") = "78ExercicioListas", "78ExercicioListas\78ExercicioListas.csproj", "{33086740-C333-4EA7-AD36-B9D0A0C8C401}"
EndProject
Project("{FAE04EC0-301F-11D3-BF4B-00C04F79EFBC}") = "79Matrizes", "79Matrizes\79Matrizes.csproj", "{4F269447-507C-4917-B64D-3F4CA0034BFF}"
EndProject
Project("{FAE04EC0-301F-11D3-BF4B-00C04F79EFBC}") = "80ExercicioMatrizes", "80ExercicioMatrizes\80ExercicioMatrizes.csproj", "{640B23E2-077B-4A8D-97E1-4FAAA89AF29B}"
EndProject
Project("{FAE04EC0-301F-11D3-BF4B-00C04F79EFBC}") = "81ExercicioMatrizes", "81ExercicioMatrizes\81ExercicioMatrizes.csproj", "{11F1B783-2BED-48AD-9FF3-22DC62C1D3A8}"
EndProject
Project("{9A19103F-16F7-4668-BE54-9A1E7A4F7556}") = "92TimeSpan", "92TimeSpan2\92TimeSpan.csproj", "{E7491193-0841-457B-912A-2AAFC50F1E70}"
EndProject
Project("{9A19103F-16F7-4668-BE54-9A1E7A4F7556}") = "93DateTimeKindISO8601", "93DateTimeKindISO8601\93DateTimeKindISO8601.csproj", "{92B85D6C-1652-4CC6-8FE5-40B6DFAD7EED}"
EndProject
Project("{9A19103F-16F7-4668-BE54-9A1E7A4F7556}") = "115Enum", "115Enum\115Enum.csproj", "{82625007-3F4E-4848-B614-C8B62B00699A}"
EndProject
Project("{9A19103F-16F7-4668-BE54-9A1E7A4F7556}") = "119Exercicio", "119Exercicio\119Exercicio.csproj", "{E255FCE8-0E01-4167-B27F-F02EA43F5BB4}"
EndProject
Project("{9A19103F-16F7-4668-BE54-9A1E7A4F7556}") = "126Heranca", "126Heranca\126Heranca.csproj", "{EC92638C-DE03-4E72-961E-03FECAF0BFA1}"
EndProject
Project("{9A19103F-16F7-4668-BE54-9A1E7A4F7556}") = "127UpcastingDowncasting", "127UpcastingDowncasting\127UpcastingDowncasting.csproj", "{588D073C-B96D-455F-8F30-D4C2149B0A65}"
EndProject
Project("{9A19103F-16F7-4668-BE54-9A1E7A4F7556}") = "128Sobreposicao", "128Sobreposicao\128Sobreposicao.csproj", "{AACEA04A-5CCC-4A83-8002-896EAB46033B}"
EndProject
Project("{9A19103F-16F7-4668-BE54-9A1E7A4F7556}") = "131Exercicio", "131Exercicio\131Exercicio.csproj", "{49F2C05B-A87D-4105-94F4-E12473D04ECC}"
EndProject
Project("{9A19103F-16F7-4668-BE54-9A1E7A4F7556}") = "133Exercicio", "133Exercicio\133Exercicio.csproj", "{8E8D4AD9-EB31-4FA2-AEAA-D12C54C44945}"
EndProject
Project("{9A19103F-16F7-4668-BE54-9A1E7A4F7556}") = "134ClassesAbstratas", "134ClassesAbstratas\134ClassesAbstratas.csproj", "{D1B46863-FADF-491F-A23E-34D43DD8BAE9}"
EndProject
Project("{9A19103F-16F7-4668-BE54-9A1E7A4F7556}") = "136ExMetodosAbstratos", "136ExMetodosAbstratos\136ExMetodosAbstratos.csproj", "{170F7422-166B-493F-AF1A-610210BFEC62}"
EndProject
Global
	GlobalSection(SolutionConfigurationPlatforms) = preSolution
		Debug|Any CPU = Debug|Any CPU
		Release|Any CPU = Release|Any CPU
	EndGlobalSection
	GlobalSection(ProjectConfigurationPlatforms) = postSolution
		{7A95C8EC-6147-489E-95FA-5B7BA133CF29}.Debug|Any CPU.ActiveCfg = Debug|Any CPU
		{7A95C8EC-6147-489E-95FA-5B7BA133CF29}.Debug|Any CPU.Build.0 = Debug|Any CPU
		{7A95C8EC-6147-489E-95FA-5B7BA133CF29}.Release|Any CPU.ActiveCfg = Release|Any CPU
		{7A95C8EC-6147-489E-95FA-5B7BA133CF29}.Release|Any CPU.Build.0 = Release|Any CPU
		{878B8072-7E85-40E2-9DDA-A99370256865}.Debug|Any CPU.ActiveCfg = Debug|Any CPU
		{878B8072-7E85-40E2-9DDA-A99370256865}.Debug|Any CPU.Build.0 = Debug|Any CPU
		{878B8072-7E85-40E2-9DDA-A99370256865}.Release|Any CPU.ActiveCfg = Release|Any CPU
		{878B8072-7E85-40E2-9DDA-A99370256865}.Release|Any CPU.Build.0 = Release|Any CPU
		{1FC10C9B-DAE5-489D-B71A-9E9F3948E720}.Debug|Any CPU.ActiveCfg = Debug|Any CPU
		{1FC10C9B-DAE5-489D-B71A-9E9F3948E720}.Debug|Any CPU.Build.0 = Debug|Any CPU
		{1FC10C9B-DAE5-489D-B71A-9E9F3948E720}.Release|Any CPU.ActiveCfg = Release|Any CPU
		{1FC10C9B-DAE5-489D-B71A-9E9F3948E720}.Release|Any CPU.Build.0 = Release|Any CPU
		{D2EC6A51-BA6F-4862-B447-DC750B5EBCB1}.Debug|Any CPU.ActiveCfg = Debug|Any CPU
		{D2EC6A51-BA6F-4862-B447-DC750B5EBCB1}.Debug|Any CPU.Build.0 = Debug|Any CPU
		{D2EC6A51-BA6F-4862-B447-DC750B5EBCB1}.Release|Any CPU.ActiveCfg = Release|Any CPU
		{D2EC6A51-BA6F-4862-B447-DC750B5EBCB1}.Release|Any CPU.Build.0 = Release|Any CPU
		{92346321-58B7-49B6-9D8A-51CBD59631B3}.Debug|Any CPU.ActiveCfg = Debug|Any CPU
		{92346321-58B7-49B6-9D8A-51CBD59631B3}.Debug|Any CPU.Build.0 = Debug|Any CPU
		{92346321-58B7-49B6-9D8A-51CBD59631B3}.Release|Any CPU.ActiveCfg = Release|Any CPU
		{92346321-58B7-49B6-9D8A-51CBD59631B3}.Release|Any CPU.Build.0 = Release|Any CPU
		{37407717-01E8-4D07-AADC-797158537A05}.Debug|Any CPU.ActiveCfg = Debug|Any CPU
		{37407717-01E8-4D07-AADC-797158537A05}.Debug|Any CPU.Build.0 = Debug|Any CPU
		{37407717-01E8-4D07-AADC-797158537A05}.Release|Any CPU.ActiveCfg = Release|Any CPU
		{37407717-01E8-4D07-AADC-797158537A05}.Release|Any CPU.Build.0 = Release|Any CPU
		{F26B77C9-72AF-47EF-AEB1-D7722984D0FB}.Debug|Any CPU.ActiveCfg = Debug|Any CPU
		{F26B77C9-72AF-47EF-AEB1-D7722984D0FB}.Debug|Any CPU.Build.0 = Debug|Any CPU
		{F26B77C9-72AF-47EF-AEB1-D7722984D0FB}.Release|Any CPU.ActiveCfg = Release|Any CPU
		{F26B77C9-72AF-47EF-AEB1-D7722984D0FB}.Release|Any CPU.Build.0 = Release|Any CPU
		{87BEFB40-9F9C-4A76-ACB5-B7B22EE7E16D}.Debug|Any CPU.ActiveCfg = Debug|Any CPU
		{87BEFB40-9F9C-4A76-ACB5-B7B22EE7E16D}.Debug|Any CPU.Build.0 = Debug|Any CPU
		{87BEFB40-9F9C-4A76-ACB5-B7B22EE7E16D}.Release|Any CPU.ActiveCfg = Release|Any CPU
		{87BEFB40-9F9C-4A76-ACB5-B7B22EE7E16D}.Release|Any CPU.Build.0 = Release|Any CPU
		{6FC106BC-E1AD-49CC-A066-7054D218DF54}.Debug|Any CPU.ActiveCfg = Debug|Any CPU
		{6FC106BC-E1AD-49CC-A066-7054D218DF54}.Debug|Any CPU.Build.0 = Debug|Any CPU
		{6FC106BC-E1AD-49CC-A066-7054D218DF54}.Release|Any CPU.ActiveCfg = Release|Any CPU
		{6FC106BC-E1AD-49CC-A066-7054D218DF54}.Release|Any CPU.Build.0 = Release|Any CPU
		{B14EFCE1-E446-4957-8E68-6ED67C9C0B39}.Debug|Any CPU.ActiveCfg = Debug|Any CPU
		{B14EFCE1-E446-4957-8E68-6ED67C9C0B39}.Debug|Any CPU.Build.0 = Debug|Any CPU
		{B14EFCE1-E446-4957-8E68-6ED67C9C0B39}.Release|Any CPU.ActiveCfg = Release|Any CPU
		{B14EFCE1-E446-4957-8E68-6ED67C9C0B39}.Release|Any CPU.Build.0 = Release|Any CPU
		{2D85DA40-1144-475B-8308-D1B618B5BD5F}.Debug|Any CPU.ActiveCfg = Debug|Any CPU
		{2D85DA40-1144-475B-8308-D1B618B5BD5F}.Debug|Any CPU.Build.0 = Debug|Any CPU
		{2D85DA40-1144-475B-8308-D1B618B5BD5F}.Release|Any CPU.ActiveCfg = Release|Any CPU
		{2D85DA40-1144-475B-8308-D1B618B5BD5F}.Release|Any CPU.Build.0 = Release|Any CPU
		{F15448F2-2C56-4C33-BC1E-08ED56418A5E}.Debug|Any CPU.ActiveCfg = Debug|Any CPU
		{F15448F2-2C56-4C33-BC1E-08ED56418A5E}.Debug|Any CPU.Build.0 = Debug|Any CPU
		{F15448F2-2C56-4C33-BC1E-08ED56418A5E}.Release|Any CPU.ActiveCfg = Release|Any CPU
		{F15448F2-2C56-4C33-BC1E-08ED56418A5E}.Release|Any CPU.Build.0 = Release|Any CPU
		{EFE4D83D-345A-494B-B9ED-8E9A66F218FB}.Debug|Any CPU.ActiveCfg = Debug|Any CPU
		{EFE4D83D-345A-494B-B9ED-8E9A66F218FB}.Debug|Any CPU.Build.0 = Debug|Any CPU
		{EFE4D83D-345A-494B-B9ED-8E9A66F218FB}.Release|Any CPU.ActiveCfg = Release|Any CPU
		{EFE4D83D-345A-494B-B9ED-8E9A66F218FB}.Release|Any CPU.Build.0 = Release|Any CPU
		{7C464CD9-D7B1-4B3D-BED8-B52C23AF4D1D}.Debug|Any CPU.ActiveCfg = Debug|Any CPU
		{7C464CD9-D7B1-4B3D-BED8-B52C23AF4D1D}.Debug|Any CPU.Build.0 = Debug|Any CPU
		{7C464CD9-D7B1-4B3D-BED8-B52C23AF4D1D}.Release|Any CPU.ActiveCfg = Release|Any CPU
		{7C464CD9-D7B1-4B3D-BED8-B52C23AF4D1D}.Release|Any CPU.Build.0 = Release|Any CPU
		{AB43A7C2-86C1-4831-B419-A63F6A6E5F1E}.Debug|Any CPU.ActiveCfg = Debug|Any CPU
		{AB43A7C2-86C1-4831-B419-A63F6A6E5F1E}.Debug|Any CPU.Build.0 = Debug|Any CPU
		{AB43A7C2-86C1-4831-B419-A63F6A6E5F1E}.Release|Any CPU.ActiveCfg = Release|Any CPU
		{AB43A7C2-86C1-4831-B419-A63F6A6E5F1E}.Release|Any CPU.Build.0 = Release|Any CPU
		{A774C910-E52F-47D9-BAFF-CCAC7709067D}.Debug|Any CPU.ActiveCfg = Debug|Any CPU
		{A774C910-E52F-47D9-BAFF-CCAC7709067D}.Debug|Any CPU.Build.0 = Debug|Any CPU
		{A774C910-E52F-47D9-BAFF-CCAC7709067D}.Release|Any CPU.ActiveCfg = Release|Any CPU
		{A774C910-E52F-47D9-BAFF-CCAC7709067D}.Release|Any CPU.Build.0 = Release|Any CPU
		{926DE3DC-1E21-4D06-87FC-9679A755363D}.Debug|Any CPU.ActiveCfg = Debug|Any CPU
		{926DE3DC-1E21-4D06-87FC-9679A755363D}.Debug|Any CPU.Build.0 = Debug|Any CPU
		{926DE3DC-1E21-4D06-87FC-9679A755363D}.Release|Any CPU.ActiveCfg = Release|Any CPU
		{926DE3DC-1E21-4D06-87FC-9679A755363D}.Release|Any CPU.Build.0 = Release|Any CPU
		{34EB4ABC-B048-441E-87AC-C663792911CF}.Debug|Any CPU.ActiveCfg = Debug|Any CPU
		{34EB4ABC-B048-441E-87AC-C663792911CF}.Debug|Any CPU.Build.0 = Debug|Any CPU
		{34EB4ABC-B048-441E-87AC-C663792911CF}.Release|Any CPU.ActiveCfg = Release|Any CPU
		{34EB4ABC-B048-441E-87AC-C663792911CF}.Release|Any CPU.Build.0 = Release|Any CPU
		{D0F5CF32-DAE4-45A4-83D0-C342EA8DAB84}.Debug|Any CPU.ActiveCfg = Debug|Any CPU
		{D0F5CF32-DAE4-45A4-83D0-C342EA8DAB84}.Debug|Any CPU.Build.0 = Debug|Any CPU
		{D0F5CF32-DAE4-45A4-83D0-C342EA8DAB84}.Release|Any CPU.ActiveCfg = Release|Any CPU
		{D0F5CF32-DAE4-45A4-83D0-C342EA8DAB84}.Release|Any CPU.Build.0 = Release|Any CPU
		{7FDF21A3-3870-4AB9-B90E-48CE8A2BFFBC}.Debug|Any CPU.ActiveCfg = Debug|Any CPU
		{7FDF21A3-3870-4AB9-B90E-48CE8A2BFFBC}.Debug|Any CPU.Build.0 = Debug|Any CPU
		{7FDF21A3-3870-4AB9-B90E-48CE8A2BFFBC}.Release|Any CPU.ActiveCfg = Release|Any CPU
		{7FDF21A3-3870-4AB9-B90E-48CE8A2BFFBC}.Release|Any CPU.Build.0 = Release|Any CPU
		{8F92D936-4364-4856-897D-450B3CC9B003}.Debug|Any CPU.ActiveCfg = Debug|Any CPU
		{8F92D936-4364-4856-897D-450B3CC9B003}.Debug|Any CPU.Build.0 = Debug|Any CPU
		{8F92D936-4364-4856-897D-450B3CC9B003}.Release|Any CPU.ActiveCfg = Release|Any CPU
		{8F92D936-4364-4856-897D-450B3CC9B003}.Release|Any CPU.Build.0 = Release|Any CPU
		{13944214-4222-41AA-8C72-DD89D76F8E12}.Debug|Any CPU.ActiveCfg = Debug|Any CPU
		{13944214-4222-41AA-8C72-DD89D76F8E12}.Debug|Any CPU.Build.0 = Debug|Any CPU
		{13944214-4222-41AA-8C72-DD89D76F8E12}.Release|Any CPU.ActiveCfg = Release|Any CPU
		{13944214-4222-41AA-8C72-DD89D76F8E12}.Release|Any CPU.Build.0 = Release|Any CPU
		{50011FDF-A589-4A0F-87E4-95EDC214459C}.Debug|Any CPU.ActiveCfg = Debug|Any CPU
		{50011FDF-A589-4A0F-87E4-95EDC214459C}.Debug|Any CPU.Build.0 = Debug|Any CPU
		{50011FDF-A589-4A0F-87E4-95EDC214459C}.Release|Any CPU.ActiveCfg = Release|Any CPU
		{50011FDF-A589-4A0F-87E4-95EDC214459C}.Release|Any CPU.Build.0 = Release|Any CPU
		{FBF566C9-82F6-4C8A-B395-7D0E6F717C35}.Debug|Any CPU.ActiveCfg = Debug|Any CPU
		{FBF566C9-82F6-4C8A-B395-7D0E6F717C35}.Debug|Any CPU.Build.0 = Debug|Any CPU
		{FBF566C9-82F6-4C8A-B395-7D0E6F717C35}.Release|Any CPU.ActiveCfg = Release|Any CPU
		{FBF566C9-82F6-4C8A-B395-7D0E6F717C35}.Release|Any CPU.Build.0 = Release|Any CPU
		{0447C81A-2C23-443B-AF63-4466804CAA69}.Debug|Any CPU.ActiveCfg = Debug|Any CPU
		{0447C81A-2C23-443B-AF63-4466804CAA69}.Debug|Any CPU.Build.0 = Debug|Any CPU
		{0447C81A-2C23-443B-AF63-4466804CAA69}.Release|Any CPU.ActiveCfg = Release|Any CPU
		{0447C81A-2C23-443B-AF63-4466804CAA69}.Release|Any CPU.Build.0 = Release|Any CPU
		{6EBC91D1-E72B-4CA0-AFD3-937447EE67AA}.Debug|Any CPU.ActiveCfg = Debug|Any CPU
		{6EBC91D1-E72B-4CA0-AFD3-937447EE67AA}.Debug|Any CPU.Build.0 = Debug|Any CPU
		{6EBC91D1-E72B-4CA0-AFD3-937447EE67AA}.Release|Any CPU.ActiveCfg = Release|Any CPU
		{6EBC91D1-E72B-4CA0-AFD3-937447EE67AA}.Release|Any CPU.Build.0 = Release|Any CPU
		{4DA11CC4-8502-4B87-8A5F-9C503E6707CA}.Debug|Any CPU.ActiveCfg = Debug|Any CPU
		{4DA11CC4-8502-4B87-8A5F-9C503E6707CA}.Debug|Any CPU.Build.0 = Debug|Any CPU
		{4DA11CC4-8502-4B87-8A5F-9C503E6707CA}.Release|Any CPU.ActiveCfg = Release|Any CPU
		{4DA11CC4-8502-4B87-8A5F-9C503E6707CA}.Release|Any CPU.Build.0 = Release|Any CPU
		{E601129E-2A1C-4188-9046-BB631359B806}.Debug|Any CPU.ActiveCfg = Debug|Any CPU
		{E601129E-2A1C-4188-9046-BB631359B806}.Debug|Any CPU.Build.0 = Debug|Any CPU
		{E601129E-2A1C-4188-9046-BB631359B806}.Release|Any CPU.ActiveCfg = Release|Any CPU
		{E601129E-2A1C-4188-9046-BB631359B806}.Release|Any CPU.Build.0 = Release|Any CPU
		{DBFDADA3-9138-4280-9F8D-ACFAB728AC9E}.Debug|Any CPU.ActiveCfg = Debug|Any CPU
		{DBFDADA3-9138-4280-9F8D-ACFAB728AC9E}.Debug|Any CPU.Build.0 = Debug|Any CPU
		{DBFDADA3-9138-4280-9F8D-ACFAB728AC9E}.Release|Any CPU.ActiveCfg = Release|Any CPU
		{DBFDADA3-9138-4280-9F8D-ACFAB728AC9E}.Release|Any CPU.Build.0 = Release|Any CPU
		{1F73D126-9F6C-46E5-B63E-6E9CCD977AEF}.Debug|Any CPU.ActiveCfg = Debug|Any CPU
		{1F73D126-9F6C-46E5-B63E-6E9CCD977AEF}.Debug|Any CPU.Build.0 = Debug|Any CPU
		{1F73D126-9F6C-46E5-B63E-6E9CCD977AEF}.Release|Any CPU.ActiveCfg = Release|Any CPU
		{1F73D126-9F6C-46E5-B63E-6E9CCD977AEF}.Release|Any CPU.Build.0 = Release|Any CPU
		{E58AD24E-A3A4-4045-AFEF-EE8859EA772F}.Debug|Any CPU.ActiveCfg = Debug|Any CPU
		{E58AD24E-A3A4-4045-AFEF-EE8859EA772F}.Debug|Any CPU.Build.0 = Debug|Any CPU
		{E58AD24E-A3A4-4045-AFEF-EE8859EA772F}.Release|Any CPU.ActiveCfg = Release|Any CPU
		{E58AD24E-A3A4-4045-AFEF-EE8859EA772F}.Release|Any CPU.Build.0 = Release|Any CPU
		{A9E9DFD9-BAC2-41A2-BA8D-68FD15F3A1B9}.Debug|Any CPU.ActiveCfg = Debug|Any CPU
		{A9E9DFD9-BAC2-41A2-BA8D-68FD15F3A1B9}.Debug|Any CPU.Build.0 = Debug|Any CPU
		{A9E9DFD9-BAC2-41A2-BA8D-68FD15F3A1B9}.Release|Any CPU.ActiveCfg = Release|Any CPU
		{A9E9DFD9-BAC2-41A2-BA8D-68FD15F3A1B9}.Release|Any CPU.Build.0 = Release|Any CPU
		{873339C2-96CE-4603-9B51-F872ADCC388B}.Debug|Any CPU.ActiveCfg = Debug|Any CPU
		{873339C2-96CE-4603-9B51-F872ADCC388B}.Debug|Any CPU.Build.0 = Debug|Any CPU
		{873339C2-96CE-4603-9B51-F872ADCC388B}.Release|Any CPU.ActiveCfg = Release|Any CPU
		{873339C2-96CE-4603-9B51-F872ADCC388B}.Release|Any CPU.Build.0 = Release|Any CPU
		{899CC76F-EEF3-46CB-9A6B-DFE886A1BAB7}.Debug|Any CPU.ActiveCfg = Debug|Any CPU
		{899CC76F-EEF3-46CB-9A6B-DFE886A1BAB7}.Debug|Any CPU.Build.0 = Debug|Any CPU
		{899CC76F-EEF3-46CB-9A6B-DFE886A1BAB7}.Release|Any CPU.ActiveCfg = Release|Any CPU
		{899CC76F-EEF3-46CB-9A6B-DFE886A1BAB7}.Release|Any CPU.Build.0 = Release|Any CPU
		{B58A40B3-9A70-4256-9241-4F025070072E}.Debug|Any CPU.ActiveCfg = Debug|Any CPU
		{B58A40B3-9A70-4256-9241-4F025070072E}.Debug|Any CPU.Build.0 = Debug|Any CPU
		{B58A40B3-9A70-4256-9241-4F025070072E}.Release|Any CPU.ActiveCfg = Release|Any CPU
		{B58A40B3-9A70-4256-9241-4F025070072E}.Release|Any CPU.Build.0 = Release|Any CPU
		{03E2ACC1-321D-4751-8FA4-CF7148FCEF17}.Debug|Any CPU.ActiveCfg = Debug|Any CPU
		{03E2ACC1-321D-4751-8FA4-CF7148FCEF17}.Debug|Any CPU.Build.0 = Debug|Any CPU
		{03E2ACC1-321D-4751-8FA4-CF7148FCEF17}.Release|Any CPU.ActiveCfg = Release|Any CPU
		{03E2ACC1-321D-4751-8FA4-CF7148FCEF17}.Release|Any CPU.Build.0 = Release|Any CPU
		{CF258853-4F05-4C02-87E7-28C1630ED19C}.Debug|Any CPU.ActiveCfg = Debug|Any CPU
		{CF258853-4F05-4C02-87E7-28C1630ED19C}.Debug|Any CPU.Build.0 = Debug|Any CPU
		{CF258853-4F05-4C02-87E7-28C1630ED19C}.Release|Any CPU.ActiveCfg = Release|Any CPU
		{CF258853-4F05-4C02-87E7-28C1630ED19C}.Release|Any CPU.Build.0 = Release|Any CPU
		{19500EB2-351B-44C8-B56A-FD54863950E5}.Debug|Any CPU.ActiveCfg = Debug|Any CPU
		{19500EB2-351B-44C8-B56A-FD54863950E5}.Debug|Any CPU.Build.0 = Debug|Any CPU
		{19500EB2-351B-44C8-B56A-FD54863950E5}.Release|Any CPU.ActiveCfg = Release|Any CPU
		{19500EB2-351B-44C8-B56A-FD54863950E5}.Release|Any CPU.Build.0 = Release|Any CPU
		{E2F520FC-6451-40BD-BAA4-1C164E15FC51}.Debug|Any CPU.ActiveCfg = Debug|Any CPU
		{E2F520FC-6451-40BD-BAA4-1C164E15FC51}.Debug|Any CPU.Build.0 = Debug|Any CPU
		{E2F520FC-6451-40BD-BAA4-1C164E15FC51}.Release|Any CPU.ActiveCfg = Release|Any CPU
		{E2F520FC-6451-40BD-BAA4-1C164E15FC51}.Release|Any CPU.Build.0 = Release|Any CPU
		{683B877E-6D0E-4D08-BB5B-6BDB927A686B}.Debug|Any CPU.ActiveCfg = Debug|Any CPU
		{683B877E-6D0E-4D08-BB5B-6BDB927A686B}.Debug|Any CPU.Build.0 = Debug|Any CPU
		{683B877E-6D0E-4D08-BB5B-6BDB927A686B}.Release|Any CPU.ActiveCfg = Release|Any CPU
		{683B877E-6D0E-4D08-BB5B-6BDB927A686B}.Release|Any CPU.Build.0 = Release|Any CPU
		{A167F3B1-CCFE-4B17-82B4-04DB343609E2}.Debug|Any CPU.ActiveCfg = Debug|Any CPU
		{A167F3B1-CCFE-4B17-82B4-04DB343609E2}.Debug|Any CPU.Build.0 = Debug|Any CPU
		{A167F3B1-CCFE-4B17-82B4-04DB343609E2}.Release|Any CPU.ActiveCfg = Release|Any CPU
		{A167F3B1-CCFE-4B17-82B4-04DB343609E2}.Release|Any CPU.Build.0 = Release|Any CPU
		{85DEAF1C-B983-42C5-A4FE-826B0DC9270F}.Debug|Any CPU.ActiveCfg = Debug|Any CPU
		{85DEAF1C-B983-42C5-A4FE-826B0DC9270F}.Debug|Any CPU.Build.0 = Debug|Any CPU
		{85DEAF1C-B983-42C5-A4FE-826B0DC9270F}.Release|Any CPU.ActiveCfg = Release|Any CPU
		{85DEAF1C-B983-42C5-A4FE-826B0DC9270F}.Release|Any CPU.Build.0 = Release|Any CPU
		{0C7D9DFC-C7FC-41DA-98E0-DE4D555CBB61}.Debug|Any CPU.ActiveCfg = Debug|Any CPU
		{0C7D9DFC-C7FC-41DA-98E0-DE4D555CBB61}.Debug|Any CPU.Build.0 = Debug|Any CPU
		{0C7D9DFC-C7FC-41DA-98E0-DE4D555CBB61}.Release|Any CPU.ActiveCfg = Release|Any CPU
		{0C7D9DFC-C7FC-41DA-98E0-DE4D555CBB61}.Release|Any CPU.Build.0 = Release|Any CPU
		{E88D2761-5FA6-4313-B42C-AAA182EECF29}.Debug|Any CPU.ActiveCfg = Debug|Any CPU
		{E88D2761-5FA6-4313-B42C-AAA182EECF29}.Debug|Any CPU.Build.0 = Debug|Any CPU
		{E88D2761-5FA6-4313-B42C-AAA182EECF29}.Release|Any CPU.ActiveCfg = Release|Any CPU
		{E88D2761-5FA6-4313-B42C-AAA182EECF29}.Release|Any CPU.Build.0 = Release|Any CPU
		{DBFFF198-3B14-4FEE-ACC5-14855E8E19DB}.Debug|Any CPU.ActiveCfg = Debug|Any CPU
		{DBFFF198-3B14-4FEE-ACC5-14855E8E19DB}.Debug|Any CPU.Build.0 = Debug|Any CPU
		{DBFFF198-3B14-4FEE-ACC5-14855E8E19DB}.Release|Any CPU.ActiveCfg = Release|Any CPU
		{DBFFF198-3B14-4FEE-ACC5-14855E8E19DB}.Release|Any CPU.Build.0 = Release|Any CPU
		{1BCB6F4F-0807-4D09-96F1-A7C37EE1D90B}.Debug|Any CPU.ActiveCfg = Debug|Any CPU
		{1BCB6F4F-0807-4D09-96F1-A7C37EE1D90B}.Debug|Any CPU.Build.0 = Debug|Any CPU
		{1BCB6F4F-0807-4D09-96F1-A7C37EE1D90B}.Release|Any CPU.ActiveCfg = Release|Any CPU
		{1BCB6F4F-0807-4D09-96F1-A7C37EE1D90B}.Release|Any CPU.Build.0 = Release|Any CPU
		{53B0840A-0374-4EE5-B2D4-F300B65D91CF}.Debug|Any CPU.ActiveCfg = Debug|Any CPU
		{53B0840A-0374-4EE5-B2D4-F300B65D91CF}.Debug|Any CPU.Build.0 = Debug|Any CPU
		{53B0840A-0374-4EE5-B2D4-F300B65D91CF}.Release|Any CPU.ActiveCfg = Release|Any CPU
		{53B0840A-0374-4EE5-B2D4-F300B65D91CF}.Release|Any CPU.Build.0 = Release|Any CPU
		{A3A77B3A-49D2-40AE-822B-33403D3507A1}.Debug|Any CPU.ActiveCfg = Debug|Any CPU
		{A3A77B3A-49D2-40AE-822B-33403D3507A1}.Debug|Any CPU.Build.0 = Debug|Any CPU
		{A3A77B3A-49D2-40AE-822B-33403D3507A1}.Release|Any CPU.ActiveCfg = Release|Any CPU
		{A3A77B3A-49D2-40AE-822B-33403D3507A1}.Release|Any CPU.Build.0 = Release|Any CPU
		{830DB260-A988-4771-AA4B-5D7350A74D44}.Debug|Any CPU.ActiveCfg = Debug|Any CPU
		{830DB260-A988-4771-AA4B-5D7350A74D44}.Debug|Any CPU.Build.0 = Debug|Any CPU
		{830DB260-A988-4771-AA4B-5D7350A74D44}.Release|Any CPU.ActiveCfg = Release|Any CPU
		{830DB260-A988-4771-AA4B-5D7350A74D44}.Release|Any CPU.Build.0 = Release|Any CPU
		{7AE94AEA-9511-4B8C-8D3B-F9357061B153}.Debug|Any CPU.ActiveCfg = Debug|Any CPU
		{7AE94AEA-9511-4B8C-8D3B-F9357061B153}.Debug|Any CPU.Build.0 = Debug|Any CPU
		{7AE94AEA-9511-4B8C-8D3B-F9357061B153}.Release|Any CPU.ActiveCfg = Release|Any CPU
		{7AE94AEA-9511-4B8C-8D3B-F9357061B153}.Release|Any CPU.Build.0 = Release|Any CPU
		{088288D1-60CB-4E7D-93BB-61FF9BA18EF8}.Debug|Any CPU.ActiveCfg = Debug|Any CPU
		{088288D1-60CB-4E7D-93BB-61FF9BA18EF8}.Debug|Any CPU.Build.0 = Debug|Any CPU
		{088288D1-60CB-4E7D-93BB-61FF9BA18EF8}.Release|Any CPU.ActiveCfg = Release|Any CPU
		{088288D1-60CB-4E7D-93BB-61FF9BA18EF8}.Release|Any CPU.Build.0 = Release|Any CPU
		{65959A45-AA14-40D1-8DCF-94AEAC46786F}.Debug|Any CPU.ActiveCfg = Debug|Any CPU
		{65959A45-AA14-40D1-8DCF-94AEAC46786F}.Debug|Any CPU.Build.0 = Debug|Any CPU
		{65959A45-AA14-40D1-8DCF-94AEAC46786F}.Release|Any CPU.ActiveCfg = Release|Any CPU
		{65959A45-AA14-40D1-8DCF-94AEAC46786F}.Release|Any CPU.Build.0 = Release|Any CPU
		{71AB0AE6-1E6A-401A-8F38-D173C8AD7435}.Debug|Any CPU.ActiveCfg = Debug|Any CPU
		{71AB0AE6-1E6A-401A-8F38-D173C8AD7435}.Debug|Any CPU.Build.0 = Debug|Any CPU
		{71AB0AE6-1E6A-401A-8F38-D173C8AD7435}.Release|Any CPU.ActiveCfg = Release|Any CPU
		{71AB0AE6-1E6A-401A-8F38-D173C8AD7435}.Release|Any CPU.Build.0 = Release|Any CPU
		{97A562EA-46B9-462A-8FCE-12281CA157D9}.Debug|Any CPU.ActiveCfg = Debug|Any CPU
		{97A562EA-46B9-462A-8FCE-12281CA157D9}.Debug|Any CPU.Build.0 = Debug|Any CPU
		{97A562EA-46B9-462A-8FCE-12281CA157D9}.Release|Any CPU.ActiveCfg = Release|Any CPU
		{97A562EA-46B9-462A-8FCE-12281CA157D9}.Release|Any CPU.Build.0 = Release|Any CPU
		{DA82A940-FDA8-4D7B-8511-EAF874AB7E56}.Debug|Any CPU.ActiveCfg = Debug|Any CPU
		{DA82A940-FDA8-4D7B-8511-EAF874AB7E56}.Debug|Any CPU.Build.0 = Debug|Any CPU
		{DA82A940-FDA8-4D7B-8511-EAF874AB7E56}.Release|Any CPU.ActiveCfg = Release|Any CPU
		{DA82A940-FDA8-4D7B-8511-EAF874AB7E56}.Release|Any CPU.Build.0 = Release|Any CPU
		{B363E7A9-F843-4221-9AD5-668128B9CA92}.Debug|Any CPU.ActiveCfg = Debug|Any CPU
		{B363E7A9-F843-4221-9AD5-668128B9CA92}.Debug|Any CPU.Build.0 = Debug|Any CPU
		{B363E7A9-F843-4221-9AD5-668128B9CA92}.Release|Any CPU.ActiveCfg = Release|Any CPU
		{B363E7A9-F843-4221-9AD5-668128B9CA92}.Release|Any CPU.Build.0 = Release|Any CPU
		{04BE9194-E63F-48B9-9471-880FBA0BE015}.Debug|Any CPU.ActiveCfg = Debug|Any CPU
		{04BE9194-E63F-48B9-9471-880FBA0BE015}.Debug|Any CPU.Build.0 = Debug|Any CPU
		{04BE9194-E63F-48B9-9471-880FBA0BE015}.Release|Any CPU.ActiveCfg = Release|Any CPU
		{04BE9194-E63F-48B9-9471-880FBA0BE015}.Release|Any CPU.Build.0 = Release|Any CPU
		{A5B4A4DB-6C25-41F0-B59A-CFD7B6771CC1}.Debug|Any CPU.ActiveCfg = Debug|Any CPU
		{A5B4A4DB-6C25-41F0-B59A-CFD7B6771CC1}.Debug|Any CPU.Build.0 = Debug|Any CPU
		{A5B4A4DB-6C25-41F0-B59A-CFD7B6771CC1}.Release|Any CPU.ActiveCfg = Release|Any CPU
		{A5B4A4DB-6C25-41F0-B59A-CFD7B6771CC1}.Release|Any CPU.Build.0 = Release|Any CPU
		{33086740-C333-4EA7-AD36-B9D0A0C8C401}.Debug|Any CPU.ActiveCfg = Debug|Any CPU
		{33086740-C333-4EA7-AD36-B9D0A0C8C401}.Debug|Any CPU.Build.0 = Debug|Any CPU
		{33086740-C333-4EA7-AD36-B9D0A0C8C401}.Release|Any CPU.ActiveCfg = Release|Any CPU
		{33086740-C333-4EA7-AD36-B9D0A0C8C401}.Release|Any CPU.Build.0 = Release|Any CPU
		{4F269447-507C-4917-B64D-3F4CA0034BFF}.Debug|Any CPU.ActiveCfg = Debug|Any CPU
		{4F269447-507C-4917-B64D-3F4CA0034BFF}.Debug|Any CPU.Build.0 = Debug|Any CPU
		{4F269447-507C-4917-B64D-3F4CA0034BFF}.Release|Any CPU.ActiveCfg = Release|Any CPU
		{4F269447-507C-4917-B64D-3F4CA0034BFF}.Release|Any CPU.Build.0 = Release|Any CPU
		{640B23E2-077B-4A8D-97E1-4FAAA89AF29B}.Debug|Any CPU.ActiveCfg = Debug|Any CPU
		{640B23E2-077B-4A8D-97E1-4FAAA89AF29B}.Debug|Any CPU.Build.0 = Debug|Any CPU
		{640B23E2-077B-4A8D-97E1-4FAAA89AF29B}.Release|Any CPU.ActiveCfg = Release|Any CPU
		{640B23E2-077B-4A8D-97E1-4FAAA89AF29B}.Release|Any CPU.Build.0 = Release|Any CPU
		{11F1B783-2BED-48AD-9FF3-22DC62C1D3A8}.Debug|Any CPU.ActiveCfg = Debug|Any CPU
		{11F1B783-2BED-48AD-9FF3-22DC62C1D3A8}.Debug|Any CPU.Build.0 = Debug|Any CPU
		{11F1B783-2BED-48AD-9FF3-22DC62C1D3A8}.Release|Any CPU.ActiveCfg = Release|Any CPU
		{11F1B783-2BED-48AD-9FF3-22DC62C1D3A8}.Release|Any CPU.Build.0 = Release|Any CPU
		{E7491193-0841-457B-912A-2AAFC50F1E70}.Debug|Any CPU.ActiveCfg = Debug|Any CPU
		{E7491193-0841-457B-912A-2AAFC50F1E70}.Debug|Any CPU.Build.0 = Debug|Any CPU
		{E7491193-0841-457B-912A-2AAFC50F1E70}.Release|Any CPU.ActiveCfg = Release|Any CPU
		{E7491193-0841-457B-912A-2AAFC50F1E70}.Release|Any CPU.Build.0 = Release|Any CPU
		{92B85D6C-1652-4CC6-8FE5-40B6DFAD7EED}.Debug|Any CPU.ActiveCfg = Debug|Any CPU
		{92B85D6C-1652-4CC6-8FE5-40B6DFAD7EED}.Debug|Any CPU.Build.0 = Debug|Any CPU
		{92B85D6C-1652-4CC6-8FE5-40B6DFAD7EED}.Release|Any CPU.ActiveCfg = Release|Any CPU
		{92B85D6C-1652-4CC6-8FE5-40B6DFAD7EED}.Release|Any CPU.Build.0 = Release|Any CPU
		{82625007-3F4E-4848-B614-C8B62B00699A}.Debug|Any CPU.ActiveCfg = Debug|Any CPU
		{82625007-3F4E-4848-B614-C8B62B00699A}.Debug|Any CPU.Build.0 = Debug|Any CPU
		{82625007-3F4E-4848-B614-C8B62B00699A}.Release|Any CPU.ActiveCfg = Release|Any CPU
		{82625007-3F4E-4848-B614-C8B62B00699A}.Release|Any CPU.Build.0 = Release|Any CPU
		{E255FCE8-0E01-4167-B27F-F02EA43F5BB4}.Debug|Any CPU.ActiveCfg = Debug|Any CPU
		{E255FCE8-0E01-4167-B27F-F02EA43F5BB4}.Debug|Any CPU.Build.0 = Debug|Any CPU
		{E255FCE8-0E01-4167-B27F-F02EA43F5BB4}.Release|Any CPU.ActiveCfg = Release|Any CPU
		{E255FCE8-0E01-4167-B27F-F02EA43F5BB4}.Release|Any CPU.Build.0 = Release|Any CPU
		{EC92638C-DE03-4E72-961E-03FECAF0BFA1}.Debug|Any CPU.ActiveCfg = Debug|Any CPU
		{EC92638C-DE03-4E72-961E-03FECAF0BFA1}.Debug|Any CPU.Build.0 = Debug|Any CPU
		{EC92638C-DE03-4E72-961E-03FECAF0BFA1}.Release|Any CPU.ActiveCfg = Release|Any CPU
		{EC92638C-DE03-4E72-961E-03FECAF0BFA1}.Release|Any CPU.Build.0 = Release|Any CPU
		{588D073C-B96D-455F-8F30-D4C2149B0A65}.Debug|Any CPU.ActiveCfg = Debug|Any CPU
		{588D073C-B96D-455F-8F30-D4C2149B0A65}.Debug|Any CPU.Build.0 = Debug|Any CPU
		{588D073C-B96D-455F-8F30-D4C2149B0A65}.Release|Any CPU.ActiveCfg = Release|Any CPU
		{588D073C-B96D-455F-8F30-D4C2149B0A65}.Release|Any CPU.Build.0 = Release|Any CPU
		{AACEA04A-5CCC-4A83-8002-896EAB46033B}.Debug|Any CPU.ActiveCfg = Debug|Any CPU
		{AACEA04A-5CCC-4A83-8002-896EAB46033B}.Debug|Any CPU.Build.0 = Debug|Any CPU
		{AACEA04A-5CCC-4A83-8002-896EAB46033B}.Release|Any CPU.ActiveCfg = Release|Any CPU
		{AACEA04A-5CCC-4A83-8002-896EAB46033B}.Release|Any CPU.Build.0 = Release|Any CPU
		{49F2C05B-A87D-4105-94F4-E12473D04ECC}.Debug|Any CPU.ActiveCfg = Debug|Any CPU
		{49F2C05B-A87D-4105-94F4-E12473D04ECC}.Debug|Any CPU.Build.0 = Debug|Any CPU
		{49F2C05B-A87D-4105-94F4-E12473D04ECC}.Release|Any CPU.ActiveCfg = Release|Any CPU
		{49F2C05B-A87D-4105-94F4-E12473D04ECC}.Release|Any CPU.Build.0 = Release|Any CPU
		{8E8D4AD9-EB31-4FA2-AEAA-D12C54C44945}.Debug|Any CPU.ActiveCfg = Debug|Any CPU
		{8E8D4AD9-EB31-4FA2-AEAA-D12C54C44945}.Debug|Any CPU.Build.0 = Debug|Any CPU
		{8E8D4AD9-EB31-4FA2-AEAA-D12C54C44945}.Release|Any CPU.ActiveCfg = Release|Any CPU
		{8E8D4AD9-EB31-4FA2-AEAA-D12C54C44945}.Release|Any CPU.Build.0 = Release|Any CPU
		{D1B46863-FADF-491F-A23E-34D43DD8BAE9}.Debug|Any CPU.ActiveCfg = Debug|Any CPU
		{D1B46863-FADF-491F-A23E-34D43DD8BAE9}.Debug|Any CPU.Build.0 = Debug|Any CPU
		{D1B46863-FADF-491F-A23E-34D43DD8BAE9}.Release|Any CPU.ActiveCfg = Release|Any CPU
		{D1B46863-FADF-491F-A23E-34D43DD8BAE9}.Release|Any CPU.Build.0 = Release|Any CPU
		{170F7422-166B-493F-AF1A-610210BFEC62}.Debug|Any CPU.ActiveCfg = Debug|Any CPU
		{170F7422-166B-493F-AF1A-610210BFEC62}.Debug|Any CPU.Build.0 = Debug|Any CPU
		{170F7422-166B-493F-AF1A-610210BFEC62}.Release|Any CPU.ActiveCfg = Release|Any CPU
		{170F7422-166B-493F-AF1A-610210BFEC62}.Release|Any CPU.Build.0 = Release|Any CPU
	EndGlobalSection
	GlobalSection(SolutionProperties) = preSolution
		HideSolutionNode = FALSE
	EndGlobalSection
	GlobalSection(ExtensibilityGlobals) = postSolution
		SolutionGuid = {7CAF2A55-C529-465E-ABCF-D19ADFB5325D}
	EndGlobalSection
EndGlobal
